// !$*UTF8*$!
{
	archiveVersion = 1;
	classes = {
	};
	objectVersion = 50;
	objects = {

/* Begin PBXBuildFile section */
		A1508AE9243E3F6600067AE2 /* AppDelegate.m in Sources */ = {isa = PBXBuildFile; fileRef = A1508AE8243E3F6600067AE2 /* AppDelegate.m */; };
		A1508AEC243E3F6600067AE2 /* SceneDelegate.m in Sources */ = {isa = PBXBuildFile; fileRef = A1508AEB243E3F6600067AE2 /* SceneDelegate.m */; };
		A1508AEF243E3F6600067AE2 /* ViewController.m in Sources */ = {isa = PBXBuildFile; fileRef = A1508AEE243E3F6600067AE2 /* ViewController.m */; };
		A1508AF2243E3F6600067AE2 /* Main.storyboard in Resources */ = {isa = PBXBuildFile; fileRef = A1508AF0243E3F6600067AE2 /* Main.storyboard */; };
		A1508AF4243E3F6700067AE2 /* Assets.xcassets in Resources */ = {isa = PBXBuildFile; fileRef = A1508AF3243E3F6700067AE2 /* Assets.xcassets */; };
		A1508AF7243E3F6800067AE2 /* LaunchScreen.storyboard in Resources */ = {isa = PBXBuildFile; fileRef = A1508AF5243E3F6700067AE2 /* LaunchScreen.storyboard */; };
		A1508AFA243E3F6800067AE2 /* main.m in Sources */ = {isa = PBXBuildFile; fileRef = A1508AF9243E3F6800067AE2 /* main.m */; };
/* End PBXBuildFile section */

/* Begin PBXFileReference section */
		A1508AE4243E3F6600067AE2 /* mmap_test.app */ = {isa = PBXFileReference; explicitFileType = wrapper.application; includeInIndex = 0; path = mmap_test.app; sourceTree = BUILT_PRODUCTS_DIR; };
		A1508AE7243E3F6600067AE2 /* AppDelegate.h */ = {isa = PBXFileReference; lastKnownFileType = sourcecode.c.h; path = AppDelegate.h; sourceTree = "<group>"; };
		A1508AE8243E3F6600067AE2 /* AppDelegate.m */ = {isa = PBXFileReference; lastKnownFileType = sourcecode.c.objc; path = AppDelegate.m; sourceTree = "<group>"; };
		A1508AEA243E3F6600067AE2 /* SceneDelegate.h */ = {isa = PBXFileReference; lastKnownFileType = sourcecode.c.h; path = SceneDelegate.h; sourceTree = "<group>"; };
		A1508AEB243E3F6600067AE2 /* SceneDelegate.m */ = {isa = PBXFileReference; lastKnownFileType = sourcecode.c.objc; path = SceneDelegate.m; sourceTree = "<group>"; };
		A1508AED243E3F6600067AE2 /* ViewController.h */ = {isa = PBXFileReference; lastKnownFileType = sourcecode.c.h; path = ViewController.h; sourceTree = "<group>"; };
		A1508AEE243E3F6600067AE2 /* ViewController.m */ = {isa = PBXFileReference; lastKnownFileType = sourcecode.c.objc; path = ViewController.m; sourceTree = "<group>"; };
		A1508AF1243E3F6600067AE2 /* Base */ = {isa = PBXFileReference; lastKnownFileType = file.storyboard; name = Base; path = Base.lproj/Main.storyboard; sourceTree = "<group>"; };
		A1508AF3243E3F6700067AE2 /* Assets.xcassets */ = {isa = PBXFileReference; lastKnownFileType = folder.assetcatalog; path = Assets.xcassets; sourceTree = "<group>"; };
		A1508AF6243E3F6700067AE2 /* Base */ = {isa = PBXFileReference; lastKnownFileType = file.storyboard; name = Base; path = Base.lproj/LaunchScreen.storyboard; sourceTree = "<group>"; };
		A1508AF8243E3F6800067AE2 /* Info.plist */ = {isa = PBXFileReference; lastKnownFileType = text.plist.xml; path = Info.plist; sourceTree = "<group>"; };
		A1508AF9243E3F6800067AE2 /* main.m */ = {isa = PBXFileReference; lastKnownFileType = sourcecode.c.objc; path = main.m; sourceTree = "<group>"; };
/* End PBXFileReference section */

/* Begin PBXFrameworksBuildPhase section */
		A1508AE1243E3F6600067AE2 /* Frameworks */ = {
			isa = PBXFrameworksBuildPhase;
			buildActionMask = 2147483647;
			files = (
			);
			runOnlyForDeploymentPostprocessing = 0;
		};
/* End PBXFrameworksBuildPhase section */

/* Begin PBXGroup section */
		A1508ADB243E3F6600067AE2 = {
			isa = PBXGroup;
			children = (
				A1508AE6243E3F6600067AE2 /* mmap_test */,
				A1508AE5243E3F6600067AE2 /* Products */,
			);
			sourceTree = "<group>";
		};
		A1508AE5243E3F6600067AE2 /* Products */ = {
			isa = PBXGroup;
			children = (
				A1508AE4243E3F6600067AE2 /* mmap_test.app */,
			);
			name = Products;
			sourceTree = "<group>";
		};
		A1508AE6243E3F6600067AE2 /* mmap_test */ = {
			isa = PBXGroup;
			children = (
				A1508AE7243E3F6600067AE2 /* AppDelegate.h */,
				A1508AE8243E3F6600067AE2 /* AppDelegate.m */,
				A1508AEA243E3F6600067AE2 /* SceneDelegate.h */,
				A1508AEB243E3F6600067AE2 /* SceneDelegate.m */,
				A1508AED243E3F6600067AE2 /* ViewController.h */,
				A1508AEE243E3F6600067AE2 /* ViewController.m */,
				A1508AF0243E3F6600067AE2 /* Main.storyboard */,
				A1508AF3243E3F6700067AE2 /* Assets.xcassets */,
				A1508AF5243E3F6700067AE2 /* LaunchScreen.storyboard */,
				A1508AF8243E3F6800067AE2 /* Info.plist */,
				A1508AF9243E3F6800067AE2 /* main.m */,
			);
			path = mmap_test;
			sourceTree = "<group>";
		};
/* End PBXGroup section */

/* Begin PBXNativeTarget section */
		A1508AE3243E3F6600067AE2 /* mmap_test */ = {
			isa = PBXNativeTarget;
			buildConfigurationList = A1508AFD243E3F6800067AE2 /* Build configuration list for PBXNativeTarget "mmap_test" */;
			buildPhases = (
				A1508AE0243E3F6600067AE2 /* Sources */,
				A1508AE1243E3F6600067AE2 /* Frameworks */,
				A1508AE2243E3F6600067AE2 /* Resources */,
			);
			buildRules = (
			);
			dependencies = (
			);
			name = mmap_test;
			productName = mmap_test;
			productReference = A1508AE4243E3F6600067AE2 /* mmap_test.app */;
			productType = "com.apple.product-type.application";
		};
/* End PBXNativeTarget section */

/* Begin PBXProject section */
		A1508ADC243E3F6600067AE2 /* Project object */ = {
			isa = PBXProject;
			attributes = {
				LastUpgradeCheck = 1130;
				ORGANIZATIONNAME = andysheng;
				TargetAttributes = {
					A1508AE3243E3F6600067AE2 = {
						CreatedOnToolsVersion = 11.3.1;
					};
				};
			};
			buildConfigurationList = A1508ADF243E3F6600067AE2 /* Build configuration list for PBXProject "mmap_test" */;
			compatibilityVersion = "Xcode 9.3";
			developmentRegion = en;
			hasScannedForEncodings = 0;
			knownRegions = (
				en,
				Base,
			);
			mainGroup = A1508ADB243E3F6600067AE2;
			productRefGroup = A1508AE5243E3F6600067AE2 /* Products */;
			projectDirPath = "";
			projectRoot = "";
			targets = (
				A1508AE3243E3F6600067AE2 /* mmap_test */,
			);
		};
/* End PBXProject section */

/* Begin PBXResourcesBuildPhase section */
		A1508AE2243E3F6600067AE2 /* Resources */ = {
			isa = PBXResourcesBuildPhase;
			buildActionMask = 2147483647;
			files = (
				A1508AF7243E3F6800067AE2 /* LaunchScreen.storyboard in Resources */,
				A1508AF4243E3F6700067AE2 /* Assets.xcassets in Resources */,
				A1508AF2243E3F6600067AE2 /* Main.storyboard in Resources */,
			);
			runOnlyForDeploymentPostprocessing = 0;
		};
/* End PBXResourcesBuildPhase section */

/* Begin PBXSourcesBuildPhase section */
		A1508AE0243E3F6600067AE2 /* Sources */ = {
			isa = PBXSourcesBuildPhase;
			buildActionMask = 2147483647;
			files = (
				A1508AEF243E3F6600067AE2 /* ViewController.m in Sources */,
				A1508AE9243E3F6600067AE2 /* AppDelegate.m in Sources */,
				A1508AFA243E3F6800067AE2 /* main.m in Sources */,
				A1508AEC243E3F6600067AE2 /* SceneDelegate.m in Sources */,
			);
			runOnlyForDeploymentPostprocessing = 0;
		};
/* End PBXSourcesBuildPhase section */

/* Begin PBXVariantGroup section */
		A1508AF0243E3F6600067AE2 /* Main.storyboard */ = {
			isa = PBXVariantGroup;
			children = (
				A1508AF1243E3F6600067AE2 /* Base */,
			);
			name = Main.storyboard;
			sourceTree = "<group>";
		};
		A1508AF5243E3F6700067AE2 /* LaunchScreen.storyboard */ = {
			isa = PBXVariantGroup;
			children = (
				A1508AF6243E3F6700067AE2 /* Base */,
			);
			name = LaunchScreen.storyboard;
			sourceTree = "<group>";
		};
/* End PBXVariantGroup section */

/* Begin XCBuildConfiguration section */
		A1508AFB243E3F6800067AE2 /* Debug */ = {
			isa = XCBuildConfiguration;
			buildSettings = {
				ALWAYS_SEARCH_USER_PATHS = NO;
				CLANG_ANALYZER_NONNULL = YES;
				CLANG_ANALYZER_NUMBER_OBJECT_CONVERSION = YES_AGGRESSIVE;
				CLANG_CXX_LANGUAGE_STANDARD = "gnu++14";
				CLANG_CXX_LIBRARY = "libc++";
				CLANG_ENABLE_MODULES = YES;
				CLANG_ENABLE_OBJC_ARC = YES;
				CLANG_ENABLE_OBJC_WEAK = YES;
				CLANG_WARN_BLOCK_CAPTURE_AUTORELEASING = YES;
				CLANG_WARN_BOOL_CONVERSION = YES;
				CLANG_WARN_COMMA = YES;
				CLANG_WARN_CONSTANT_CONVERSION = YES;
				CLANG_WARN_DEPRECATED_OBJC_IMPLEMENTATIONS = YES;
				CLANG_WARN_DIRECT_OBJC_ISA_USAGE = YES_ERROR;
				CLANG_WARN_DOCUMENTATION_COMMENTS = YES;
				CLANG_WARN_EMPTY_BODY = YES;
				CLANG_WARN_ENUM_CONVERSION = YES;
				CLANG_WARN_INFINITE_RECURSION = YES;
				CLANG_WARN_INT_CONVERSION = YES;
				CLANG_WARN_NON_LITERAL_NULL_CONVERSION = YES;
				CLANG_WARN_OBJC_IMPLICIT_RETAIN_SELF = YES;
				CLANG_WARN_OBJC_LITERAL_CONVERSION = YES;
				CLANG_WARN_OBJC_ROOT_CLASS = YES_ERROR;
				CLANG_WARN_RANGE_LOOP_ANALYSIS = YES;
				CLANG_WARN_STRICT_PROTOTYPES = YES;
				CLANG_WARN_SUSPICIOUS_MOVE = YES;
				CLANG_WARN_UNGUARDED_AVAILABILITY = YES_AGGRESSIVE;
				CLANG_WARN_UNREACHABLE_CODE = YES;
				CLANG_WARN__DUPLICATE_METHOD_MATCH = YES;
				COPY_PHASE_STRIP = NO;
				DEBUG_INFORMATION_FORMAT = dwarf;
				ENABLE_STRICT_OBJC_MSGSEND = YES;
				ENABLE_TESTABILITY = YES;
				GCC_C_LANGUAGE_STANDARD = gnu11;
				GCC_DYNAMIC_NO_PIC = NO;
				GCC_NO_COMMON_BLOCKS = YES;
				GCC_OPTIMIZATION_LEVEL = 0;
				GCC_PREPROCESSOR_DEFINITIONS = (
					"DEBUG=1",
					"$(inherited)",
				);
				GCC_WARN_64_TO_32_BIT_CONVERSION = YES;
				GCC_WARN_ABOUT_RETURN_TYPE = YES_ERROR;
				GCC_WARN_UNDECLARED_SELECTOR = YES;
				GCC_WARN_UNINITIALIZED_AUTOS = YES_AGGRESSIVE;
				GCC_WARN_UNUSED_FUNCTION = YES;
				GCC_WARN_UNUSED_VARIABLE = YES;
				IPHONEOS_DEPLOYMENT_TARGET = 13.2;
				MTL_ENABLE_DEBUG_INFO = INCLUDE_SOURCE;
				MTL_FAST_MATH = YES;
				ONLY_ACTIVE_ARCH = YES;
				SDKROOT = iphoneos;
			};
			name = Debug;
		};
		A1508AFC243E3F6800067AE2 /* Release */ = {
			isa = XCBuildConfiguration;
			buildSettings = {
				ALWAYS_SEARCH_USER_PATHS = NO;
				CLANG_ANALYZER_NONNULL = YES;
				CLANG_ANALYZER_NUMBER_OBJECT_CONVERSION = YES_AGGRESSIVE;
				CLANG_CXX_LANGUAGE_STANDARD = "gnu++14";
				CLANG_CXX_LIBRARY = "libc++";
				CLANG_ENABLE_MODULES = YES;
				CLANG_ENABLE_OBJC_ARC = YES;
				CLANG_ENABLE_OBJC_WEAK = YES;
				CLANG_WARN_BLOCK_CAPTURE_AUTORELEASING = YES;
				CLANG_WARN_BOOL_CONVERSION = YES;
				CLANG_WARN_COMMA = YES;
				CLANG_WARN_CONSTANT_CONVERSION = YES;
				CLANG_WARN_DEPRECATED_OBJC_IMPLEMENTATIONS = YES;
				CLANG_WARN_DIRECT_OBJC_ISA_USAGE = YES_ERROR;
				CLANG_WARN_DOCUMENTATION_COMMENTS = YES;
				CLANG_WARN_EMPTY_BODY = YES;
				CLANG_WARN_ENUM_CONVERSION = YES;
				CLANG_WARN_INFINITE_RECURSION = YES;
				CLANG_WARN_INT_CONVERSION = YES;
				CLANG_WARN_NON_LITERAL_NULL_CONVERSION = YES;
				CLANG_WARN_OBJC_IMPLICIT_RETAIN_SELF = YES;
				CLANG_WARN_OBJC_LITERAL_CONVERSION = YES;
				CLANG_WARN_OBJC_ROOT_CLASS = YES_ERROR;
				CLANG_WARN_RANGE_LOOP_ANALYSIS = YES;
				CLANG_WARN_STRICT_PROTOTYPES = YES;
				CLANG_WARN_SUSPICIOUS_MOVE = YES;
				CLANG_WARN_UNGUARDED_AVAILABILITY = YES_AGGRESSIVE;
				CLANG_WARN_UNREACHABLE_CODE = YES;
				CLANG_WARN__DUPLICATE_METHOD_MATCH = YES;
				COPY_PHASE_STRIP = NO;
				DEBUG_INFORMATION_FORMAT = "dwarf-with-dsym";
				ENABLE_NS_ASSERTIONS = NO;
				ENABLE_STRICT_OBJC_MSGSEND = YES;
				GCC_C_LANGUAGE_STANDARD = gnu11;
				GCC_NO_COMMON_BLOCKS = YES;
				GCC_WARN_64_TO_32_BIT_CONVERSION = YES;
				GCC_WARN_ABOUT_RETURN_TYPE = YES_ERROR;
				GCC_WARN_UNDECLARED_SELECTOR = YES;
				GCC_WARN_UNINITIALIZED_AUTOS = YES_AGGRESSIVE;
				GCC_WARN_UNUSED_FUNCTION = YES;
				GCC_WARN_UNUSED_VARIABLE = YES;
				IPHONEOS_DEPLOYMENT_TARGET = 13.2;
				MTL_ENABLE_DEBUG_INFO = NO;
				MTL_FAST_MATH = YES;
				SDKROOT = iphoneos;
				VALIDATE_PRODUCT = YES;
			};
			name = Release;
		};
		A1508AFE243E3F6800067AE2 /* Debug */ = {
			isa = XCBuildConfiguration;
			buildSettings = {
				ASSETCATALOG_COMPILER_APPICON_NAME = AppIcon;
				CODE_SIGN_STYLE = Automatic;
				DEVELOPMENT_TEAM = 9E9C2ZNYDA;
				INFOPLIST_FILE = mmap_test/Info.plist;
				LD_RUNPATH_SEARCH_PATHS = (
					"$(inherited)",
					"@executable_path/Frameworks",
				);
				PRODUCT_BUNDLE_IDENTIFIER = "cn.andysheng.mmap-test";
				PRODUCT_NAME = "$(TARGET_NAME)";
				TARGETED_DEVICE_FAMILY = "1,2";
			};
			name = Debug;
		};
		A1508AFF243E3F6800067AE2 /* Release */ = {
			isa = XCBuildConfiguration;
			buildSettings = {
				ASSETCATALOG_COMPILER_APPICON_NAME = AppIcon;
				CODE_SIGN_STYLE = Automatic;
				DEVELOPMENT_TEAM = 9E9C2ZNYDA;
				INFOPLIST_FILE = mmap_test/Info.plist;
				LD_RUNPATH_SEARCH_PATHS = (
					"$(inherited)",
					"@executable_path/Frameworks",
				);
				PRODUCT_BUNDLE_IDENTIFIER = "cn.andysheng.mmap-test";
				PRODUCT_NAME = "$(TARGET_NAME)";
				TARGETED_DEVICE_FAMILY = "1,2";
			};
			name = Release;
		};
/* End XCBuildConfiguration section */

/* Begin XCConfigurationList section */
		A1508ADF243E3F6600067AE2 /* Build configuration list for PBXProject "mmap_test" */ = {
			isa = XCConfigurationList;
			buildConfigurations = (
				A1508AFB243E3F6800067AE2 /* Debug */,
				A1508AFC243E3F6800067AE2 /* Release */,
			);
			defaultConfigurationIsVisible = 0;
			defaultConfigurationName = Release;
		};
		A1508AFD243E3F6800067AE2 /* Build configuration list for PBXNativeTarget "mmap_test" */ = {
			isa = XCConfigurationList;
			buildConfigurations = (
				A1508AFE243E3F6800067AE2 /* Debug */,
				A1508AFF243E3F6800067AE2 /* Release */,
			);
			defaultConfigurationIsVisible = 0;
			defaultConfigurationName = Release;
		};
/* End XCConfigurationList section */
	};
	rootObject = A1508ADC243E3F6600067AE2 /* Project object */;
}
